
Microsoft Visual Studio Solution File, Format Version 12.00
# Visual Studio 2012
Project("{FAE04EC0-301F-11D3-BF4B-00C04F79EFBC}") = "AiForms.Effects", "AiForms.Effects\AiForms.Effects.csproj", "{14FCC004-FC52-4028-A5AE-228AFD6F6222}"
EndProject
Project("{FAE04EC0-301F-11D3-BF4B-00C04F79EFBC}") = "AiForms.Effects.iOS", "AiForms.Effects.iOS\AiForms.Effects.iOS.csproj", "{7E1357E0-74E7-4FBF-B2AB-052C6A175A9F}"
EndProject
Project("{FAE04EC0-301F-11D3-BF4B-00C04F79EFBC}") = "AiForms.Effects.Droid", "AiForms.Effects.Droid\AiForms.Effects.Droid.csproj", "{49FC4DB1-A6EB-4670-A3A3-16E877E39D0C}"
EndProject
Project("{FAE04EC0-301F-11D3-BF4B-00C04F79EFBC}") = "AiEffects.TestApp", "Tests\AiEffects.TestApp\AiEffects.TestApp\AiEffects.TestApp.csproj", "{02E2C54E-9A67-4255-BACC-C035A5529716}"
EndProject
Project("{FAE04EC0-301F-11D3-BF4B-00C04F79EFBC}") = "AiEffects.TestApp.iOS", "Tests\AiEffects.TestApp\AiEffects.TestApp.iOS\AiEffects.TestApp.iOS.csproj", "{6AC1725D-A7EE-426B-AF69-C42E61F59D39}"
EndProject
Project("{FAE04EC0-301F-11D3-BF4B-00C04F79EFBC}") = "AiForms.Effects.UITests", "Tests\AiForms.Effects.UITests\AiForms.Effects.UITests.csproj", "{6DBE8B7C-587D-4423-A780-AA4E4DAF4BC4}"
EndProject
Project("{FAE04EC0-301F-11D3-BF4B-00C04F79EFBC}") = "AiEffects.TestApp.Droid", "Tests\AiEffects.TestApp\AiEffects.TestApp.Droid\AiEffects.TestApp.Droid.csproj", "{8F6AF907-6204-46C5-8ABB-F2BDD40FFC66}"
EndProject
Global
	GlobalSection(SolutionConfigurationPlatforms) = preSolution
		Debug|Any CPU = Debug|Any CPU
		Release|Any CPU = Release|Any CPU
		Debug|iPhoneSimulator = Debug|iPhoneSimulator
		Release|iPhone = Release|iPhone
		Release|iPhoneSimulator = Release|iPhoneSimulator
		Debug|iPhone = Debug|iPhone
	EndGlobalSection
	GlobalSection(ProjectConfigurationPlatforms) = postSolution
		{14FCC004-FC52-4028-A5AE-228AFD6F6222}.Debug|Any CPU.ActiveCfg = Debug|Any CPU
		{14FCC004-FC52-4028-A5AE-228AFD6F6222}.Debug|Any CPU.Build.0 = Debug|Any CPU
		{14FCC004-FC52-4028-A5AE-228AFD6F6222}.Release|Any CPU.ActiveCfg = Release|Any CPU
		{14FCC004-FC52-4028-A5AE-228AFD6F6222}.Release|Any CPU.Build.0 = Release|Any CPU
		{14FCC004-FC52-4028-A5AE-228AFD6F6222}.Debug|iPhoneSimulator.ActiveCfg = Debug|Any CPU
		{14FCC004-FC52-4028-A5AE-228AFD6F6222}.Debug|iPhoneSimulator.Build.0 = Debug|Any CPU
		{14FCC004-FC52-4028-A5AE-228AFD6F6222}.Release|iPhone.ActiveCfg = Release|Any CPU
		{14FCC004-FC52-4028-A5AE-228AFD6F6222}.Release|iPhone.Build.0 = Release|Any CPU
		{14FCC004-FC52-4028-A5AE-228AFD6F6222}.Release|iPhoneSimulator.ActiveCfg = Release|Any CPU
		{14FCC004-FC52-4028-A5AE-228AFD6F6222}.Release|iPhoneSimulator.Build.0 = Release|Any CPU
		{14FCC004-FC52-4028-A5AE-228AFD6F6222}.Debug|iPhone.ActiveCfg = Debug|Any CPU
		{14FCC004-FC52-4028-A5AE-228AFD6F6222}.Debug|iPhone.Build.0 = Debug|Any CPU
		{7E1357E0-74E7-4FBF-B2AB-052C6A175A9F}.Debug|Any CPU.ActiveCfg = Debug|Any CPU
		{7E1357E0-74E7-4FBF-B2AB-052C6A175A9F}.Debug|Any CPU.Build.0 = Debug|Any CPU
		{7E1357E0-74E7-4FBF-B2AB-052C6A175A9F}.Release|Any CPU.ActiveCfg = Release|Any CPU
		{7E1357E0-74E7-4FBF-B2AB-052C6A175A9F}.Release|Any CPU.Build.0 = Release|Any CPU
		{7E1357E0-74E7-4FBF-B2AB-052C6A175A9F}.Debug|iPhoneSimulator.ActiveCfg = Debug|Any CPU
		{7E1357E0-74E7-4FBF-B2AB-052C6A175A9F}.Debug|iPhoneSimulator.Build.0 = Debug|Any CPU
		{7E1357E0-74E7-4FBF-B2AB-052C6A175A9F}.Release|iPhone.ActiveCfg = Release|Any CPU
		{7E1357E0-74E7-4FBF-B2AB-052C6A175A9F}.Release|iPhone.Build.0 = Release|Any CPU
		{7E1357E0-74E7-4FBF-B2AB-052C6A175A9F}.Release|iPhoneSimulator.ActiveCfg = Release|Any CPU
		{7E1357E0-74E7-4FBF-B2AB-052C6A175A9F}.Release|iPhoneSimulator.Build.0 = Release|Any CPU
		{7E1357E0-74E7-4FBF-B2AB-052C6A175A9F}.Debug|iPhone.ActiveCfg = Debug|Any CPU
		{7E1357E0-74E7-4FBF-B2AB-052C6A175A9F}.Debug|iPhone.Build.0 = Debug|Any CPU
		{49FC4DB1-A6EB-4670-A3A3-16E877E39D0C}.Debug|Any CPU.ActiveCfg = Debug|Any CPU
		{49FC4DB1-A6EB-4670-A3A3-16E877E39D0C}.Debug|Any CPU.Build.0 = Debug|Any CPU
		{49FC4DB1-A6EB-4670-A3A3-16E877E39D0C}.Release|Any CPU.ActiveCfg = Release|Any CPU
		{49FC4DB1-A6EB-4670-A3A3-16E877E39D0C}.Release|Any CPU.Build.0 = Release|Any CPU
		{49FC4DB1-A6EB-4670-A3A3-16E877E39D0C}.Debug|iPhoneSimulator.ActiveCfg = Debug|Any CPU
		{49FC4DB1-A6EB-4670-A3A3-16E877E39D0C}.Debug|iPhoneSimulator.Build.0 = Debug|Any CPU
		{49FC4DB1-A6EB-4670-A3A3-16E877E39D0C}.Release|iPhone.ActiveCfg = Release|Any CPU
		{49FC4DB1-A6EB-4670-A3A3-16E877E39D0C}.Release|iPhone.Build.0 = Release|Any CPU
		{49FC4DB1-A6EB-4670-A3A3-16E877E39D0C}.Release|iPhoneSimulator.ActiveCfg = Release|Any CPU
		{49FC4DB1-A6EB-4670-A3A3-16E877E39D0C}.Release|iPhoneSimulator.Build.0 = Release|Any CPU
		{49FC4DB1-A6EB-4670-A3A3-16E877E39D0C}.Debug|iPhone.ActiveCfg = Debug|Any CPU
		{49FC4DB1-A6EB-4670-A3A3-16E877E39D0C}.Debug|iPhone.Build.0 = Debug|Any CPU
		{02E2C54E-9A67-4255-BACC-C035A5529716}.Debug|Any CPU.ActiveCfg = Debug|Any CPU
		{02E2C54E-9A67-4255-BACC-C035A5529716}.Debug|Any CPU.Build.0 = Debug|Any CPU
		{02E2C54E-9A67-4255-BACC-C035A5529716}.Release|Any CPU.ActiveCfg = Release|Any CPU
		{02E2C54E-9A67-4255-BACC-C035A5529716}.Release|Any CPU.Build.0 = Release|Any CPU
		{02E2C54E-9A67-4255-BACC-C035A5529716}.Debug|iPhoneSimulator.ActiveCfg = Debug|Any CPU
		{02E2C54E-9A67-4255-BACC-C035A5529716}.Debug|iPhoneSimulator.Build.0 = Debug|Any CPU
		{02E2C54E-9A67-4255-BACC-C035A5529716}.Release|iPhone.ActiveCfg = Release|Any CPU
		{02E2C54E-9A67-4255-BACC-C035A5529716}.Release|iPhone.Build.0 = Release|Any CPU
		{02E2C54E-9A67-4255-BACC-C035A5529716}.Release|iPhoneSimulator.ActiveCfg = Release|Any CPU
		{02E2C54E-9A67-4255-BACC-C035A5529716}.Release|iPhoneSimulator.Build.0 = Release|Any CPU
		{02E2C54E-9A67-4255-BACC-C035A5529716}.Debug|iPhone.ActiveCfg = Debug|Any CPU
		{02E2C54E-9A67-4255-BACC-C035A5529716}.Debug|iPhone.Build.0 = Debug|Any CPU
		{6AC1725D-A7EE-426B-AF69-C42E61F59D39}.Debug|Any CPU.ActiveCfg = Debug|iPhoneSimulator
		{6AC1725D-A7EE-426B-AF69-C42E61F59D39}.Debug|Any CPU.Build.0 = Debug|iPhoneSimulator
		{6AC1725D-A7EE-426B-AF69-C42E61F59D39}.Release|Any CPU.ActiveCfg = Release|iPhone
		{6AC1725D-A7EE-426B-AF69-C42E61F59D39}.Release|Any CPU.Build.0 = Release|iPhone
		{6AC1725D-A7EE-426B-AF69-C42E61F59D39}.Debug|iPhoneSimulator.ActiveCfg = Debug|iPhoneSimulator
		{6AC1725D-A7EE-426B-AF69-C42E61F59D39}.Debug|iPhoneSimulator.Build.0 = Debug|iPhoneSimulator
		{6AC1725D-A7EE-426B-AF69-C42E61F59D39}.Release|iPhone.ActiveCfg = Release|iPhone
		{6AC1725D-A7EE-426B-AF69-C42E61F59D39}.Release|iPhone.Build.0 = Release|iPhone
		{6AC1725D-A7EE-426B-AF69-C42E61F59D39}.Release|iPhoneSimulator.ActiveCfg = Release|iPhoneSimulator
		{6AC1725D-A7EE-426B-AF69-C42E61F59D39}.Release|iPhoneSimulator.Build.0 = Release|iPhoneSimulator
		{6AC1725D-A7EE-426B-AF69-C42E61F59D39}.Debug|iPhone.ActiveCfg = Debug|iPhone
		{6AC1725D-A7EE-426B-AF69-C42E61F59D39}.Debug|iPhone.Build.0 = Debug|iPhone
		{6DBE8B7C-587D-4423-A780-AA4E4DAF4BC4}.Debug|Any CPU.ActiveCfg = Debug|Any CPU
		{6DBE8B7C-587D-4423-A780-AA4E4DAF4BC4}.Debug|Any CPU.Build.0 = Debug|Any CPU
		{6DBE8B7C-587D-4423-A780-AA4E4DAF4BC4}.Release|Any CPU.ActiveCfg = Release|Any CPU
		{6DBE8B7C-587D-4423-A780-AA4E4DAF4BC4}.Release|Any CPU.Build.0 = Release|Any CPU
		{6DBE8B7C-587D-4423-A780-AA4E4DAF4BC4}.Debug|iPhoneSimulator.ActiveCfg = Debug|Any CPU
		{6DBE8B7C-587D-4423-A780-AA4E4DAF4BC4}.Debug|iPhoneSimulator.Build.0 = Debug|Any CPU
		{6DBE8B7C-587D-4423-A780-AA4E4DAF4BC4}.Release|iPhone.ActiveCfg = Release|Any CPU
		{6DBE8B7C-587D-4423-A780-AA4E4DAF4BC4}.Release|iPhone.Build.0 = Release|Any CPU
		{6DBE8B7C-587D-4423-A780-AA4E4DAF4BC4}.Release|iPhoneSimulator.ActiveCfg = Release|Any CPU
		{6DBE8B7C-587D-4423-A780-AA4E4DAF4BC4}.Release|iPhoneSimulator.Build.0 = Release|Any CPU
		{6DBE8B7C-587D-4423-A780-AA4E4DAF4BC4}.Debug|iPhone.ActiveCfg = Debug|Any CPU
		{6DBE8B7C-587D-4423-A780-AA4E4DAF4BC4}.Debug|iPhone.Build.0 = Debug|Any CPU
		{8F6AF907-6204-46C5-8ABB-F2BDD40FFC66}.Debug|Any CPU.ActiveCfg = Debug|Any CPU
		{8F6AF907-6204-46C5-8ABB-F2BDD40FFC66}.Debug|Any CPU.Build.0 = Debug|Any CPU
		{8F6AF907-6204-46C5-8ABB-F2BDD40FFC66}.Release|Any CPU.ActiveCfg = Release|Any CPU
		{8F6AF907-6204-46C5-8ABB-F2BDD40FFC66}.Release|Any CPU.Build.0 = Release|Any CPU
		{8F6AF907-6204-46C5-8ABB-F2BDD40FFC66}.Debug|iPhoneSimulator.ActiveCfg = Debug|Any CPU
		{8F6AF907-6204-46C5-8ABB-F2BDD40FFC66}.Debug|iPhoneSimulator.Build.0 = Debug|Any CPU
		{8F6AF907-6204-46C5-8ABB-F2BDD40FFC66}.Release|iPhone.ActiveCfg = Release|Any CPU
		{8F6AF907-6204-46C5-8ABB-F2BDD40FFC66}.Release|iPhone.Build.0 = Release|Any CPU
		{8F6AF907-6204-46C5-8ABB-F2BDD40FFC66}.Release|iPhoneSimulator.ActiveCfg = Release|Any CPU
		{8F6AF907-6204-46C5-8ABB-F2BDD40FFC66}.Release|iPhoneSimulator.Build.0 = Release|Any CPU
		{8F6AF907-6204-46C5-8ABB-F2BDD40FFC66}.Debug|iPhone.ActiveCfg = Debug|Any CPU
		{8F6AF907-6204-46C5-8ABB-F2BDD40FFC66}.Debug|iPhone.Build.0 = Debug|Any CPU
	EndGlobalSection
	GlobalSection(MonoDevelopProperties) = preSolution
		Policies = $0
		$0.DotNetNamingPolicy = $1
		$1.DirectoryNamespaceAssociation = PrefixedHierarchical
		$1.ResourceNamePolicy = FileFormatDefault
		$0.TextStylePolicy = $2
		$2.inheritsSet = VisualStudio
		$2.inheritsScope = text/plain
		$2.scope = text/x-csharp
		$2.FileWidth = 120
		$0.CSharpFormattingPolicy = $3
		$3.IndentSwitchSection = True
		$3.NewLineForElse = True
		$3.NewLineForCatch = True
		$3.NewLineForFinally = True
		$3.NewLineForMembersInObjectInit = True
		$3.NewLineForMembersInAnonymousTypes = True
		$3.NewLineForClausesInQuery = True
		$3.SpacingAfterMethodDeclarationName = False
		$3.SpaceAfterMethodCallName = False
		$3.SpaceBeforeOpenSquareBracket = False
		$3.inheritsSet = Mono
		$3.inheritsScope = text/x-csharp
		$3.scope = text/x-csharp
		$0.StandardHeader = $4
		$4.Text = 
		$4.IncludeInNewFiles = True
		version = 0.0.4-pre
	EndGlobalSection
EndGlobal
