
Microsoft Visual Studio Solution File, Format Version 12.00
# Visual Studio 2012
Project("{FAE04EC0-301F-11D3-BF4B-00C04F79EFBC}") = "AiForms.Effects", "AiForms.Effects\AiForms.Effects.csproj", "{14FCC004-FC52-4028-A5AE-228AFD6F6222}"
EndProject
Project("{FAE04EC0-301F-11D3-BF4B-00C04F79EFBC}") = "AiForms.Effects.iOS", "AiForms.Effects.iOS\AiForms.Effects.iOS.csproj", "{7E1357E0-74E7-4FBF-B2AB-052C6A175A9F}"
EndProject
Project("{FAE04EC0-301F-11D3-BF4B-00C04F79EFBC}") = "AiForms.Effects.Droid", "AiForms.Effects.Droid\AiForms.Effects.Droid.csproj", "{49FC4DB1-A6EB-4670-A3A3-16E877E39D0C}"
EndProject
Global
	GlobalSection(SolutionConfigurationPlatforms) = preSolution
		Debug|Any CPU = Debug|Any CPU
		Release|Any CPU = Release|Any CPU
	EndGlobalSection
	GlobalSection(ProjectConfigurationPlatforms) = postSolution
		{14FCC004-FC52-4028-A5AE-228AFD6F6222}.Debug|Any CPU.ActiveCfg = Debug|Any CPU
		{14FCC004-FC52-4028-A5AE-228AFD6F6222}.Debug|Any CPU.Build.0 = Debug|Any CPU
		{14FCC004-FC52-4028-A5AE-228AFD6F6222}.Release|Any CPU.ActiveCfg = Release|Any CPU
		{14FCC004-FC52-4028-A5AE-228AFD6F6222}.Release|Any CPU.Build.0 = Release|Any CPU
		{7E1357E0-74E7-4FBF-B2AB-052C6A175A9F}.Debug|Any CPU.ActiveCfg = Debug|Any CPU
		{7E1357E0-74E7-4FBF-B2AB-052C6A175A9F}.Debug|Any CPU.Build.0 = Debug|Any CPU
		{7E1357E0-74E7-4FBF-B2AB-052C6A175A9F}.Release|Any CPU.ActiveCfg = Release|Any CPU
		{7E1357E0-74E7-4FBF-B2AB-052C6A175A9F}.Release|Any CPU.Build.0 = Release|Any CPU
		{49FC4DB1-A6EB-4670-A3A3-16E877E39D0C}.Debug|Any CPU.ActiveCfg = Debug|Any CPU
		{49FC4DB1-A6EB-4670-A3A3-16E877E39D0C}.Debug|Any CPU.Build.0 = Debug|Any CPU
		{49FC4DB1-A6EB-4670-A3A3-16E877E39D0C}.Release|Any CPU.ActiveCfg = Release|Any CPU
		{49FC4DB1-A6EB-4670-A3A3-16E877E39D0C}.Release|Any CPU.Build.0 = Release|Any CPU
	EndGlobalSection
	GlobalSection(MonoDevelopProperties) = preSolution
		Policies = $0
		$0.DotNetNamingPolicy = $1
		$1.DirectoryNamespaceAssociation = PrefixedHierarchical
		$1.ResourceNamePolicy = FileFormatDefault
		$0.TextStylePolicy = $2
		$2.inheritsSet = VisualStudio
		$2.inheritsScope = text/plain
		$2.scope = text/x-csharp
		$2.FileWidth = 120
		$0.CSharpFormattingPolicy = $3
		$3.IndentSwitchSection = True
		$3.NewLineForElse = True
		$3.NewLineForCatch = True
		$3.NewLineForFinally = True
		$3.NewLineForMembersInObjectInit = True
		$3.NewLineForMembersInAnonymousTypes = True
		$3.NewLineForClausesInQuery = True
		$3.SpacingAfterMethodDeclarationName = False
		$3.SpaceAfterMethodCallName = False
		$3.SpaceBeforeOpenSquareBracket = False
		$3.inheritsSet = Mono
		$3.inheritsScope = text/x-csharp
		$3.scope = text/x-csharp
		$0.StandardHeader = $4
		$4.Text = 
		$4.IncludeInNewFiles = True
		version = 0.0.2-pre1
	EndGlobalSection
EndGlobal
